FORGE
  remote: https://forgeapi.puppetlabs.com
  specs:
    camptocamp-augeas (1.9.0)
      puppetlabs-augeas_core (>= 1.0.0, < 2.0.0)
    cirrax-libvirt (4.3.4)
      puppetlabs-concat (>= 1.0.0, < 8.0.0)
      puppetlabs-inifile (>= 2.0.0, < 6.0.0)
      puppetlabs-stdlib (>= 3.0.0, < 9.0.0)
    genv-auditd (1.0.1)
      puppetlabs-concat (>= 5.0.0, < 8.0.0)
      puppetlabs-stdlib (>= 4.13.1, < 9.0.0)
    genv-login_defs (1.0.0)
    ghoneycutt-pam (3.7.0)
      puppetlabs-stdlib (>= 4.25.0, < 7.0.0)
      trlinkin-nsswitch (>= 2.1.0, < 3.0.0)
    herculesteam-augeasproviders_core (3.1.0)
      puppetlabs-stdlib (>= 3.2.0, < 9.0.0)
    herculesteam-augeasproviders_sysctl (2.6.2)
      herculesteam-augeasproviders_core (>= 2.4.0, < 4.0.0)
    iu-aide (2.0.0)
      puppet-cron (>= 1.0.0, < 8.0.0)
      puppetlabs-concat (>= 4.0.0, < 8.0.0)
      puppetlabs-stdlib (>= 4.0.0, < 9.0.0)
    puppet-alternatives (4.1.0)
    puppet-archive (6.0.2)
      puppetlabs-stdlib (>= 4.18.0, < 9.0.0)
    puppet-cron (3.0.0)
      puppetlabs-stdlib (>= 4.25.0, < 9.0.0)
    puppet-epel (4.1.0)
    puppet-kmod (3.2.0)
      puppetlabs-stdlib (>= 5.0.0, < 9.0.0)
    puppet-logrotate (6.0.0)
      puppetlabs-stdlib (>= 4.22.0, < 9.0.0)
    puppet-nftables (2.4.0)
      puppet-systemd (>= 2.0.0, < 4.0.0)
      puppetlabs-concat (>= 6.2.0, < 8.0.0)
      puppetlabs-stdlib (>= 4.13.1, < 9.0.0)
    puppet-posix_acl (2.0.0)
    puppet-rhsm (5.0.0)
      puppetlabs-stdlib (>= 4.18.0, < 9.0.0)
    puppet-rkhunter (2.2.0)
      puppetlabs-stdlib (>= 4.25.0, < 7.0.0)
    puppet-snmp (6.0.0)
      puppet-systemd (>= 2.5.1, < 4.0.0)
      puppetlabs-stdlib (>= 5.2.0, < 9.0.0)
    puppet-ssh_keygen (5.0.2)
      puppetlabs-stdlib (>= 4.13.1, < 9.0.0)
    puppet-systemd (3.10.0)
      puppetlabs-inifile (>= 1.6.0, < 6.0.0)
      puppetlabs-stdlib (>= 4.13.1, < 9.0.0)
    puppet-yum (5.6.1)
      puppetlabs-concat (>= 1.2.5, < 8.0.0)
      puppetlabs-stdlib (>= 4.18.0, < 9.0.0)
    puppetlabs-accounts (7.2.0)
      puppetlabs-stdlib (>= 5.0.0, < 9.0.0)
    puppetlabs-apt (8.4.1)
      puppetlabs-stdlib (>= 4.16.0, < 9.0.0)
    puppetlabs-augeas_core (1.2.0)
    puppetlabs-concat (6.4.0)
      puppetlabs-stdlib (>= 4.13.1, < 7.0.0)
      puppetlabs-translate (>= 1.0.0, < 3.0.0)
    puppetlabs-cron_core (1.1.0)
    puppetlabs-docker (4.4.0)
      puppetlabs-apt (>= 4.4.1, < 9.0.0)
      puppetlabs-powershell (>= 2.1.4, < 6.0.0)
      puppetlabs-reboot (>= 2.0.0, < 5.0.0)
      puppetlabs-stdlib (>= 4.24.0, < 9.0.0)
    puppetlabs-host_core (1.1.0)
    puppetlabs-inifile (5.3.0)
      puppetlabs-stdlib (>= 4.13.0, < 9.0.0)
    puppetlabs-lvm (1.4.0)
      puppetlabs-mount_core (>= 1.0.0, < 2.0.0)
      puppetlabs-stdlib (>= 4.13.1, < 7.0.0)
    puppetlabs-mount_core (1.1.0)
    puppetlabs-powershell (5.1.0)
      puppetlabs-pwshlib (>= 0.4.0, < 2.0.0)
    puppetlabs-pwshlib (0.10.2)
    puppetlabs-reboot (4.2.0)
    puppetlabs-sshkeys_core (2.3.0)
    puppetlabs-stdlib (6.6.0)
    puppetlabs-translate (2.2.0)
    puppetlabs-vcsrepo (5.2.0)
    puppetlabs-yumrepo_core (1.1.0)
    qtechnologies-sysstat (1.2.6)
    saz-locales (3.1.1)
    saz-ssh (9.0.0)
      puppet-systemd (>= 3.7.0, < 4.0.0)
      puppetlabs-concat (>= 2.2.0, < 8.0.0)
      puppetlabs-stdlib (>= 4.25.0, < 9.0.0)
    saz-sudo (7.0.2)
      puppetlabs-stdlib (>= 2.6.0, < 9.0.0)
    saz-timezone (6.2.0)
      stm-debconf (>= 2.0.0, < 5.0.0)
    stm-debconf (4.1.0)
    trlinkin-nsswitch (2.2.0)
      puppetlabs-stdlib (>= 4.25.0, < 7.0.0)

DEPENDENCIES
  camptocamp-augeas (~> 1.9.0)
  cirrax-libvirt (~> 4.3.0)
  genv-auditd (~> 1.0.0)
  genv-login_defs (~> 1.0.0)
  ghoneycutt-pam (~> 3.7.0)
  herculesteam-augeasproviders_core (~> 3.1.0)
  herculesteam-augeasproviders_sysctl (~> 2.6.0)
  iu-aide (~> 2.0.0)
  puppet-alternatives (~> 4.1.0)
  puppet-archive (~> 6.0.0)
  puppet-cron (~> 3.0)
  puppet-epel (~> 4.1.0)
  puppet-kmod (~> 3.2.0)
  puppet-logrotate (~> 6.0.0)
  puppet-nftables (~> 2.4.0)
  puppet-posix_acl (~> 2.0.0)
  puppet-rhsm (~> 5.0.0)
  puppet-rkhunter (~> 2.2.0)
  puppet-snmp (~> 6.0.0)
  puppet-ssh_keygen (~> 5.0.0)
  puppet-systemd (~> 3.10.0)
  puppet-yum (~> 5.6.0)
  puppetlabs-accounts (~> 7.2.0)
  puppetlabs-apt (~> 8.4.0)
  puppetlabs-augeas_core (~> 1.2.0)
  puppetlabs-concat (~> 6.4.0)
  puppetlabs-cron_core (~> 1.1.0)
  puppetlabs-docker (~> 4.4.0)
  puppetlabs-host_core (~> 1.1.0)
  puppetlabs-lvm (~> 1.4.0)
  puppetlabs-mount_core (~> 1.1.0)
  puppetlabs-sshkeys_core (~> 2.3.0)
  puppetlabs-vcsrepo (~> 5.2.0)
  puppetlabs-yumrepo_core (~> 1.1.0)
  qtechnologies-sysstat (= 1.2.6)
  saz-locales (~> 3.0)
  saz-ssh (~> 9.0.0)
  saz-sudo (~> 7.0.0)
  saz-timezone (~> 6.0)
  trlinkin-nsswitch (~> 2.2.0)

